// !$*UTF8*$!
{
	archiveVersion = 1;
	classes = {
	};
	objectVersion = 56;
	objects = {

/* Begin PBXBuildFile section */
		7A0232C72A77E92000777C0F /* SettingsView.swift in Sources */ = {isa = PBXBuildFile; fileRef = 7A0232C62A77E92000777C0F /* SettingsView.swift */; };
		7A0232C92A77E93100777C0F /* HelpView.swift in Sources */ = {isa = PBXBuildFile; fileRef = 7A0232C82A77E93100777C0F /* HelpView.swift */; };
		7A0232CB2A77F39A00777C0F /* InvestmentView.swift in Sources */ = {isa = PBXBuildFile; fileRef = 7A0232CA2A77F39A00777C0F /* InvestmentView.swift */; };
		7A0738412A7661DA001852E3 /* Finance_CalculatorApp.swift in Sources */ = {isa = PBXBuildFile; fileRef = 7A0738402A7661DA001852E3 /* Finance_CalculatorApp.swift */; };
		7A0738432A7661DA001852E3 /* MortgageView.swift in Sources */ = {isa = PBXBuildFile; fileRef = 7A0738422A7661DA001852E3 /* MortgageView.swift */; };
		7A0738452A7661DB001852E3 /* Assets.xcassets in Resources */ = {isa = PBXBuildFile; fileRef = 7A0738442A7661DB001852E3 /* Assets.xcassets */; };
		7A0738482A7661DB001852E3 /* Preview Assets.xcassets in Resources */ = {isa = PBXBuildFile; fileRef = 7A0738472A7661DB001852E3 /* Preview Assets.xcassets */; };
		7A3009D92A772EB900F3C0E9 /* SavingsView.swift in Sources */ = {isa = PBXBuildFile; fileRef = 7A3009D82A772EB900F3C0E9 /* SavingsView.swift */; };
		7A3989802A76EED7004A269A /* HomeView.swift in Sources */ = {isa = PBXBuildFile; fileRef = 7A39897F2A76EED7004A269A /* HomeView.swift */; };
		7A9B42042A77558600614116 /* LoanView.swift in Sources */ = {isa = PBXBuildFile; fileRef = 7A9B42032A77558600614116 /* LoanView.swift */; };
/* End PBXBuildFile section */

/* Begin PBXFileReference section */
		7A0232C62A77E92000777C0F /* SettingsView.swift */ = {isa = PBXFileReference; lastKnownFileType = sourcecode.swift; path = SettingsView.swift; sourceTree = "<group>"; };
		7A0232C82A77E93100777C0F /* HelpView.swift */ = {isa = PBXFileReference; lastKnownFileType = sourcecode.swift; path = HelpView.swift; sourceTree = "<group>"; };
		7A0232CA2A77F39A00777C0F /* InvestmentView.swift */ = {isa = PBXFileReference; lastKnownFileType = sourcecode.swift; path = InvestmentView.swift; sourceTree = "<group>"; };
		7A07383D2A7661DA001852E3 /* Finance Calculator.app */ = {isa = PBXFileReference; explicitFileType = wrapper.application; includeInIndex = 0; path = "Finance Calculator.app"; sourceTree = BUILT_PRODUCTS_DIR; };
		7A0738402A7661DA001852E3 /* Finance_CalculatorApp.swift */ = {isa = PBXFileReference; lastKnownFileType = sourcecode.swift; path = Finance_CalculatorApp.swift; sourceTree = "<group>"; };
		7A0738422A7661DA001852E3 /* MortgageView.swift */ = {isa = PBXFileReference; lastKnownFileType = sourcecode.swift; path = MortgageView.swift; sourceTree = "<group>"; };
		7A0738442A7661DB001852E3 /* Assets.xcassets */ = {isa = PBXFileReference; lastKnownFileType = folder.assetcatalog; path = Assets.xcassets; sourceTree = "<group>"; };
		7A0738472A7661DB001852E3 /* Preview Assets.xcassets */ = {isa = PBXFileReference; lastKnownFileType = folder.assetcatalog; path = "Preview Assets.xcassets"; sourceTree = "<group>"; };
		7A3009D82A772EB900F3C0E9 /* SavingsView.swift */ = {isa = PBXFileReference; lastKnownFileType = sourcecode.swift; path = SavingsView.swift; sourceTree = "<group>"; };
		7A39897F2A76EED7004A269A /* HomeView.swift */ = {isa = PBXFileReference; lastKnownFileType = sourcecode.swift; path = HomeView.swift; sourceTree = "<group>"; };
		7A9B42032A77558600614116 /* LoanView.swift */ = {isa = PBXFileReference; lastKnownFileType = sourcecode.swift; path = LoanView.swift; sourceTree = "<group>"; };
/* End PBXFileReference section */

/* Begin PBXFrameworksBuildPhase section */
		7A07383A2A7661DA001852E3 /* Frameworks */ = {
			isa = PBXFrameworksBuildPhase;
			buildActionMask = 2147483647;
			files = (
			);
			runOnlyForDeploymentPostprocessing = 0;
		};
/* End PBXFrameworksBuildPhase section */

/* Begin PBXGroup section */
		7A0738342A7661DA001852E3 = {
			isa = PBXGroup;
			children = (
				7A07383F2A7661DA001852E3 /* Finance Calculator */,
				7A07383E2A7661DA001852E3 /* Products */,
			);
			sourceTree = "<group>";
		};
		7A07383E2A7661DA001852E3 /* Products */ = {
			isa = PBXGroup;
			children = (
				7A07383D2A7661DA001852E3 /* Finance Calculator.app */,
			);
			name = Products;
			sourceTree = "<group>";
		};
		7A07383F2A7661DA001852E3 /* Finance Calculator */ = {
			isa = PBXGroup;
			children = (
				7A0738402A7661DA001852E3 /* Finance_CalculatorApp.swift */,
				7A9B42032A77558600614116 /* LoanView.swift */,
				7A0738422A7661DA001852E3 /* MortgageView.swift */,
				7A3009D82A772EB900F3C0E9 /* SavingsView.swift */,
				7A39897F2A76EED7004A269A /* HomeView.swift */,
				7A0232C62A77E92000777C0F /* SettingsView.swift */,
				7A0232C82A77E93100777C0F /* HelpView.swift */,
				7A0738442A7661DB001852E3 /* Assets.xcassets */,
				7A0738462A7661DB001852E3 /* Preview Content */,
				7A0232CA2A77F39A00777C0F /* InvestmentView.swift */,
			);
			path = "Finance Calculator";
			sourceTree = "<group>";
		};
		7A0738462A7661DB001852E3 /* Preview Content */ = {
			isa = PBXGroup;
			children = (
				7A0738472A7661DB001852E3 /* Preview Assets.xcassets */,
			);
			path = "Preview Content";
			sourceTree = "<group>";
		};
/* End PBXGroup section */

/* Begin PBXNativeTarget section */
		7A07383C2A7661DA001852E3 /* Finance Calculator */ = {
			isa = PBXNativeTarget;
			buildConfigurationList = 7A07384B2A7661DB001852E3 /* Build configuration list for PBXNativeTarget "Finance Calculator" */;
			buildPhases = (
				7A0738392A7661DA001852E3 /* Sources */,
				7A07383A2A7661DA001852E3 /* Frameworks */,
				7A07383B2A7661DA001852E3 /* Resources */,
			);
			buildRules = (
			);
			dependencies = (
			);
			name = "Finance Calculator";
			productName = "Finance Calculator";
			productReference = 7A07383D2A7661DA001852E3 /* Finance Calculator.app */;
			productType = "com.apple.product-type.application";
		};
/* End PBXNativeTarget section */

/* Begin PBXProject section */
		7A0738352A7661DA001852E3 /* Project object */ = {
			isa = PBXProject;
			attributes = {
				BuildIndependentTargetsInParallel = 1;
				LastSwiftUpdateCheck = 1430;
				LastUpgradeCheck = 1430;
				TargetAttributes = {
					7A07383C2A7661DA001852E3 = {
						CreatedOnToolsVersion = 14.3.1;
					};
				};
			};
			buildConfigurationList = 7A0738382A7661DA001852E3 /* Build configuration list for PBXProject "Finance Calculator" */;
			compatibilityVersion = "Xcode 14.0";
			developmentRegion = en;
			hasScannedForEncodings = 0;
			knownRegions = (
				en,
				Base,
			);
			mainGroup = 7A0738342A7661DA001852E3;
			productRefGroup = 7A07383E2A7661DA001852E3 /* Products */;
			projectDirPath = "";
			projectRoot = "";
			targets = (
				7A07383C2A7661DA001852E3 /* Finance Calculator */,
			);
		};
/* End PBXProject section */

/* Begin PBXResourcesBuildPhase section */
		7A07383B2A7661DA001852E3 /* Resources */ = {
			isa = PBXResourcesBuildPhase;
			buildActionMask = 2147483647;
			files = (
				7A0738482A7661DB001852E3 /* Preview Assets.xcassets in Resources */,
				7A0738452A7661DB001852E3 /* Assets.xcassets in Resources */,
			);
			runOnlyForDeploymentPostprocessing = 0;
		};
/* End PBXResourcesBuildPhase section */

/* Begin PBXSourcesBuildPhase section */
		7A0738392A7661DA001852E3 /* Sources */ = {
			isa = PBXSourcesBuildPhase;
			buildActionMask = 2147483647;
			files = (
				7A0738432A7661DA001852E3 /* MortgageView.swift in Sources */,
				7A3989802A76EED7004A269A /* HomeView.swift in Sources */,
				7A3009D92A772EB900F3C0E9 /* SavingsView.swift in Sources */,
				7A0232C92A77E93100777C0F /* HelpView.swift in Sources */,
				7A0232C72A77E92000777C0F /* SettingsView.swift in Sources */,
				7A0738412A7661DA001852E3 /* Finance_CalculatorApp.swift in Sources */,
				7A9B42042A77558600614116 /* LoanView.swift in Sources */,
				7A0232CB2A77F39A00777C0F /* InvestmentView.swift in Sources */,
			);
			runOnlyForDeploymentPostprocessing = 0;
		};
/* End PBXSourcesBuildPhase section */

/* Begin XCBuildConfiguration section */
		7A0738492A7661DB001852E3 /* Debug */ = {
			isa = XCBuildConfiguration;
			buildSettings = {
				ALWAYS_SEARCH_USER_PATHS = NO;
				CLANG_ANALYZER_NONNULL = YES;
				CLANG_ANALYZER_NUMBER_OBJECT_CONVERSION = YES_AGGRESSIVE;
				CLANG_CXX_LANGUAGE_STANDARD = "gnu++20";
				CLANG_ENABLE_MODULES = YES;
				CLANG_ENABLE_OBJC_ARC = YES;
				CLANG_ENABLE_OBJC_WEAK = YES;
				CLANG_WARN_BLOCK_CAPTURE_AUTORELEASING = YES;
				CLANG_WARN_BOOL_CONVERSION = YES;
				CLANG_WARN_COMMA = YES;
				CLANG_WARN_CONSTANT_CONVERSION = YES;
				CLANG_WARN_DEPRECATED_OBJC_IMPLEMENTATIONS = YES;
				CLANG_WARN_DIRECT_OBJC_ISA_USAGE = YES_ERROR;
				CLANG_WARN_DOCUMENTATION_COMMENTS = YES;
				CLANG_WARN_EMPTY_BODY = YES;
				CLANG_WARN_ENUM_CONVERSION = YES;
				CLANG_WARN_INFINITE_RECURSION = YES;
				CLANG_WARN_INT_CONVERSION = YES;
				CLANG_WARN_NON_LITERAL_NULL_CONVERSION = YES;
				CLANG_WARN_OBJC_IMPLICIT_RETAIN_SELF = YES;
				CLANG_WARN_OBJC_LITERAL_CONVERSION = YES;
				CLANG_WARN_OBJC_ROOT_CLASS = YES_ERROR;
				CLANG_WARN_QUOTED_INCLUDE_IN_FRAMEWORK_HEADER = YES;
				CLANG_WARN_RANGE_LOOP_ANALYSIS = YES;
				CLANG_WARN_STRICT_PROTOTYPES = YES;
				CLANG_WARN_SUSPICIOUS_MOVE = YES;
				CLANG_WARN_UNGUARDED_AVAILABILITY = YES_AGGRESSIVE;
				CLANG_WARN_UNREACHABLE_CODE = YES;
				CLANG_WARN__DUPLICATE_METHOD_MATCH = YES;
				COPY_PHASE_STRIP = NO;
				DEBUG_INFORMATION_FORMAT = dwarf;
				ENABLE_STRICT_OBJC_MSGSEND = YES;
				ENABLE_TESTABILITY = YES;
				GCC_C_LANGUAGE_STANDARD = gnu11;
				GCC_DYNAMIC_NO_PIC = NO;
				GCC_NO_COMMON_BLOCKS = YES;
				GCC_OPTIMIZATION_LEVEL = 0;
				GCC_PREPROCESSOR_DEFINITIONS = (
					"DEBUG=1",
					"$(inherited)",
				);
				GCC_WARN_64_TO_32_BIT_CONVERSION = YES;
				GCC_WARN_ABOUT_RETURN_TYPE = YES_ERROR;
				GCC_WARN_UNDECLARED_SELECTOR = YES;
				GCC_WARN_UNINITIALIZED_AUTOS = YES_AGGRESSIVE;
				GCC_WARN_UNUSED_FUNCTION = YES;
				GCC_WARN_UNUSED_VARIABLE = YES;
				IPHONEOS_DEPLOYMENT_TARGET = 16.4;
				MTL_ENABLE_DEBUG_INFO = INCLUDE_SOURCE;
				MTL_FAST_MATH = YES;
				ONLY_ACTIVE_ARCH = YES;
				SDKROOT = iphoneos;
				SWIFT_ACTIVE_COMPILATION_CONDITIONS = DEBUG;
				SWIFT_OPTIMIZATION_LEVEL = "-Onone";
			};
			name = Debug;
		};
		7A07384A2A7661DB001852E3 /* Release */ = {
			isa = XCBuildConfiguration;
			buildSettings = {
				ALWAYS_SEARCH_USER_PATHS = NO;
				CLANG_ANALYZER_NONNULL = YES;
				CLANG_ANALYZER_NUMBER_OBJECT_CONVERSION = YES_AGGRESSIVE;
				CLANG_CXX_LANGUAGE_STANDARD = "gnu++20";
				CLANG_ENABLE_MODULES = YES;
				CLANG_ENABLE_OBJC_ARC = YES;
				CLANG_ENABLE_OBJC_WEAK = YES;
				CLANG_WARN_BLOCK_CAPTURE_AUTORELEASING = YES;
				CLANG_WARN_BOOL_CONVERSION = YES;
				CLANG_WARN_COMMA = YES;
				CLANG_WARN_CONSTANT_CONVERSION = YES;
				CLANG_WARN_DEPRECATED_OBJC_IMPLEMENTATIONS = YES;
				CLANG_WARN_DIRECT_OBJC_ISA_USAGE = YES_ERROR;
				CLANG_WARN_DOCUMENTATION_COMMENTS = YES;
				CLANG_WARN_EMPTY_BODY = YES;
				CLANG_WARN_ENUM_CONVERSION = YES;
				CLANG_WARN_INFINITE_RECURSION = YES;
				CLANG_WARN_INT_CONVERSION = YES;
				CLANG_WARN_NON_LITERAL_NULL_CONVERSION = YES;
				CLANG_WARN_OBJC_IMPLICIT_RETAIN_SELF = YES;
				CLANG_WARN_OBJC_LITERAL_CONVERSION = YES;
				CLANG_WARN_OBJC_ROOT_CLASS = YES_ERROR;
				CLANG_WARN_QUOTED_INCLUDE_IN_FRAMEWORK_HEADER = YES;
				CLANG_WARN_RANGE_LOOP_ANALYSIS = YES;
				CLANG_WARN_STRICT_PROTOTYPES = YES;
				CLANG_WARN_SUSPICIOUS_MOVE = YES;
				CLANG_WARN_UNGUARDED_AVAILABILITY = YES_AGGRESSIVE;
				CLANG_WARN_UNREACHABLE_CODE = YES;
				CLANG_WARN__DUPLICATE_METHOD_MATCH = YES;
				COPY_PHASE_STRIP = NO;
				DEBUG_INFORMATION_FORMAT = "dwarf-with-dsym";
				ENABLE_NS_ASSERTIONS = NO;
				ENABLE_STRICT_OBJC_MSGSEND = YES;
				GCC_C_LANGUAGE_STANDARD = gnu11;
				GCC_NO_COMMON_BLOCKS = YES;
				GCC_WARN_64_TO_32_BIT_CONVERSION = YES;
				GCC_WARN_ABOUT_RETURN_TYPE = YES_ERROR;
				GCC_WARN_UNDECLARED_SELECTOR = YES;
				GCC_WARN_UNINITIALIZED_AUTOS = YES_AGGRESSIVE;
				GCC_WARN_UNUSED_FUNCTION = YES;
				GCC_WARN_UNUSED_VARIABLE = YES;
				IPHONEOS_DEPLOYMENT_TARGET = 16.4;
				MTL_ENABLE_DEBUG_INFO = NO;
				MTL_FAST_MATH = YES;
				SDKROOT = iphoneos;
				SWIFT_COMPILATION_MODE = wholemodule;
				SWIFT_OPTIMIZATION_LEVEL = "-O";
				VALIDATE_PRODUCT = YES;
			};
			name = Release;
		};
		7A07384C2A7661DB001852E3 /* Debug */ = {
			isa = XCBuildConfiguration;
			buildSettings = {
				ASSETCATALOG_COMPILER_APPICON_NAME = AppIcon;
				ASSETCATALOG_COMPILER_GLOBAL_ACCENT_COLOR_NAME = AccentColor;
				CODE_SIGN_STYLE = Automatic;
				CURRENT_PROJECT_VERSION = 1;
				DEVELOPMENT_ASSET_PATHS = "\"Finance Calculator/Preview Content\"";
				ENABLE_PREVIEWS = YES;
				GENERATE_INFOPLIST_FILE = YES;
				INFOPLIST_KEY_UIApplicationSceneManifest_Generation = YES;
				INFOPLIST_KEY_UIApplicationSupportsIndirectInputEvents = YES;
				INFOPLIST_KEY_UILaunchScreen_Generation = YES;
				INFOPLIST_KEY_UISupportedInterfaceOrientations_iPad = "UIInterfaceOrientationPortrait UIInterfaceOrientationPortraitUpsideDown UIInterfaceOrientationLandscapeLeft UIInterfaceOrientationLandscapeRight";
				INFOPLIST_KEY_UISupportedInterfaceOrientations_iPhone = "UIInterfaceOrientationPortrait UIInterfaceOrientationLandscapeLeft UIInterfaceOrientationLandscapeRight";
				LD_RUNPATH_SEARCH_PATHS = (
					"$(inherited)",
					"@executable_path/Frameworks",
				);
				MARKETING_VERSION = 1.0;
				PRODUCT_BUNDLE_IDENTIFIER = "io.Binara.Finance-Calculator";
				PRODUCT_NAME = "$(TARGET_NAME)";
				SWIFT_EMIT_LOC_STRINGS = YES;
				SWIFT_VERSION = 5.0;
				TARGETED_DEVICE_FAMILY = "1,2";
			};
			name = Debug;
		};
		7A07384D2A7661DB001852E3 /* Release */ = {
			isa = XCBuildConfiguration;
			buildSettings = {
				ASSETCATALOG_COMPILER_APPICON_NAME = AppIcon;
				ASSETCATALOG_COMPILER_GLOBAL_ACCENT_COLOR_NAME = AccentColor;
				CODE_SIGN_STYLE = Automatic;
				CURRENT_PROJECT_VERSION = 1;
				DEVELOPMENT_ASSET_PATHS = "\"Finance Calculator/Preview Content\"";
				ENABLE_PREVIEWS = YES;
				GENERATE_INFOPLIST_FILE = YES;
				INFOPLIST_KEY_UIApplicationSceneManifest_Generation = YES;
				INFOPLIST_KEY_UIApplicationSupportsIndirectInputEvents = YES;
				INFOPLIST_KEY_UILaunchScreen_Generation = YES;
				INFOPLIST_KEY_UISupportedInterfaceOrientations_iPad = "UIInterfaceOrientationPortrait UIInterfaceOrientationPortraitUpsideDown UIInterfaceOrientationLandscapeLeft UIInterfaceOrientationLandscapeRight";
				INFOPLIST_KEY_UISupportedInterfaceOrientations_iPhone = "UIInterfaceOrientationPortrait UIInterfaceOrientationLandscapeLeft UIInterfaceOrientationLandscapeRight";
				LD_RUNPATH_SEARCH_PATHS = (
					"$(inherited)",
					"@executable_path/Frameworks",
				);
				MARKETING_VERSION = 1.0;
				PRODUCT_BUNDLE_IDENTIFIER = "io.Binara.Finance-Calculator";
				PRODUCT_NAME = "$(TARGET_NAME)";
				SWIFT_EMIT_LOC_STRINGS = YES;
				SWIFT_VERSION = 5.0;
				TARGETED_DEVICE_FAMILY = "1,2";
			};
			name = Release;
		};
/* End XCBuildConfiguration section */

/* Begin XCConfigurationList section */
		7A0738382A7661DA001852E3 /* Build configuration list for PBXProject "Finance Calculator" */ = {
			isa = XCConfigurationList;
			buildConfigurations = (
				7A0738492A7661DB001852E3 /* Debug */,
				7A07384A2A7661DB001852E3 /* Release */,
			);
			defaultConfigurationIsVisible = 0;
			defaultConfigurationName = Release;
		};
		7A07384B2A7661DB001852E3 /* Build configuration list for PBXNativeTarget "Finance Calculator" */ = {
			isa = XCConfigurationList;
			buildConfigurations = (
				7A07384C2A7661DB001852E3 /* Debug */,
				7A07384D2A7661DB001852E3 /* Release */,
			);
			defaultConfigurationIsVisible = 0;
			defaultConfigurationName = Release;
		};
/* End XCConfigurationList section */
	};
	rootObject = 7A0738352A7661DA001852E3 /* Project object */;
}
